
Microsoft Visual Studio Solution File, Format Version 12.00
# Visual Studio Version 17
VisualStudioVersion = 17.11.35208.52
MinimumVisualStudioVersion = 10.0.40219.1
Project("{FAE04EC0-301F-11D3-BF4B-00C04F79EFBC}") = "7", "7\7.csproj", "{E152064A-2A9B-4FEA-A6DF-579E867BADB8}"
EndProject
Global
	GlobalSection(SolutionConfigurationPlatforms) = preSolution
		Debug|Any CPU = Debug|Any CPU
		Release|Any CPU = Release|Any CPU
	EndGlobalSection
	GlobalSection(ProjectConfigurationPlatforms) = postSolution
		{E152064A-2A9B-4FEA-A6DF-579E867BADB8}.Debug|Any CPU.ActiveCfg = Debug|Any CPU
		{E152064A-2A9B-4FEA-A6DF-579E867BADB8}.Debug|Any CPU.Build.0 = Debug|Any CPU
		{E152064A-2A9B-4FEA-A6DF-579E867BADB8}.Release|Any CPU.ActiveCfg = Release|Any CPU
		{E152064A-2A9B-4FEA-A6DF-579E867BADB8}.Release|Any CPU.Build.0 = Release|Any CPU
	EndGlobalSection
	GlobalSection(SolutionProperties) = preSolution
		HideSolutionNode = FALSE
	EndGlobalSection
	GlobalSection(ExtensibilityGlobals) = postSolution
		SolutionGuid = {0ED3D10A-6FC7-4D4C-BCCE-332A9FC96655}
	EndGlobalSection
EndGlobal
